
Microsoft Visual Studio Solution File, Format Version 12.00
# Visual Studio Version 17
VisualStudioVersion = 17.10.35027.167
MinimumVisualStudioVersion = 10.0.40219.1
Project("{FAE04EC0-301F-11D3-BF4B-00C04F79EFBC}") = "VIPClinicBackend", "VIPClinicBackend\VIPClinicBackend.csproj", "{592D91EB-E6F7-4CA0-AF49-8B99301711F5}"
EndProject
Global
	GlobalSection(SolutionConfigurationPlatforms) = preSolution
		Debug|Any CPU = Debug|Any CPU
		Release|Any CPU = Release|Any CPU
	EndGlobalSection
	GlobalSection(ProjectConfigurationPlatforms) = postSolution
		{592D91EB-E6F7-4CA0-AF49-8B99301711F5}.Debug|Any CPU.ActiveCfg = Debug|Any CPU
		{592D91EB-E6F7-4CA0-AF49-8B99301711F5}.Debug|Any CPU.Build.0 = Debug|Any CPU
		{592D91EB-E6F7-4CA0-AF49-8B99301711F5}.Release|Any CPU.ActiveCfg = Release|Any CPU
		{592D91EB-E6F7-4CA0-AF49-8B99301711F5}.Release|Any CPU.Build.0 = Release|Any CPU
	EndGlobalSection
	GlobalSection(SolutionProperties) = preSolution
		HideSolutionNode = FALSE
	EndGlobalSection
	GlobalSection(ExtensibilityGlobals) = postSolution
		SolutionGuid = {0A4A7E09-4249-4D07-9FC2-2A2EBFEA968E}
	EndGlobalSection
EndGlobal
